
Microsoft Visual Studio Solution File, Format Version 12.00
# Visual Studio Version 18
VisualStudioVersion = 18.3.11206.111 d18.3
MinimumVisualStudioVersion = 10.0.40219.1
Project("{FAE04EC0-301F-11D3-BF4B-00C04F79EFBC}") = "gerimo", "gerimo.csproj", "{8A8BE87C-4219-A4BE-4BC5-5C7E66F342DE}"
EndProject
Global
	GlobalSection(SolutionConfigurationPlatforms) = preSolution
		Debug|ARM64 = Debug|ARM64
		Debug|x64 = Debug|x64
		Debug|x86 = Debug|x86
		Release|ARM64 = Release|ARM64
		Release|x64 = Release|x64
		Release|x86 = Release|x86
	EndGlobalSection
	GlobalSection(ProjectConfigurationPlatforms) = postSolution
		{8A8BE87C-4219-A4BE-4BC5-5C7E66F342DE}.Debug|ARM64.ActiveCfg = Debug|ARM64
		{8A8BE87C-4219-A4BE-4BC5-5C7E66F342DE}.Debug|ARM64.Build.0 = Debug|ARM64
		{8A8BE87C-4219-A4BE-4BC5-5C7E66F342DE}.Debug|ARM64.Deploy.0 = Debug|ARM64
		{8A8BE87C-4219-A4BE-4BC5-5C7E66F342DE}.Debug|x64.ActiveCfg = Debug|x64
		{8A8BE87C-4219-A4BE-4BC5-5C7E66F342DE}.Debug|x64.Build.0 = Debug|x64
		{8A8BE87C-4219-A4BE-4BC5-5C7E66F342DE}.Debug|x64.Deploy.0 = Debug|x64
		{8A8BE87C-4219-A4BE-4BC5-5C7E66F342DE}.Debug|x86.ActiveCfg = Debug|x86
		{8A8BE87C-4219-A4BE-4BC5-5C7E66F342DE}.Debug|x86.Build.0 = Debug|x86
		{8A8BE87C-4219-A4BE-4BC5-5C7E66F342DE}.Debug|x86.Deploy.0 = Debug|x86
		{8A8BE87C-4219-A4BE-4BC5-5C7E66F342DE}.Release|ARM64.ActiveCfg = Release|ARM64
		{8A8BE87C-4219-A4BE-4BC5-5C7E66F342DE}.Release|ARM64.Build.0 = Release|ARM64
		{8A8BE87C-4219-A4BE-4BC5-5C7E66F342DE}.Release|ARM64.Deploy.0 = Release|ARM64
		{8A8BE87C-4219-A4BE-4BC5-5C7E66F342DE}.Release|x64.ActiveCfg = Release|x64
		{8A8BE87C-4219-A4BE-4BC5-5C7E66F342DE}.Release|x64.Build.0 = Release|x64
		{8A8BE87C-4219-A4BE-4BC5-5C7E66F342DE}.Release|x64.Deploy.0 = Release|x64
		{8A8BE87C-4219-A4BE-4BC5-5C7E66F342DE}.Release|x86.ActiveCfg = Release|x86
		{8A8BE87C-4219-A4BE-4BC5-5C7E66F342DE}.Release|x86.Build.0 = Release|x86
		{8A8BE87C-4219-A4BE-4BC5-5C7E66F342DE}.Release|x86.Deploy.0 = Release|x86
	EndGlobalSection
	GlobalSection(SolutionProperties) = preSolution
		HideSolutionNode = FALSE
	EndGlobalSection
	GlobalSection(ExtensibilityGlobals) = postSolution
		SolutionGuid = {E754587C-7A29-46D5-B1CA-D5D5FFB0A126}
	EndGlobalSection
EndGlobal
